{
  "version": 4,
  "terraform_version": "1.3.7",
  "serial": 37,
  "lineage": "12e0a6f2-c6da-90ec-de18-d6762397fd92",
  "outputs": {},
  "resources": [
    {
      "mode": "data",
      "type": "xenorchestra_network",
      "name": "net",
      "provider": "provider[\"registry.terraform.io/terra-farm/xenorchestra\"]",
      "instances": [
        {
          "schema_version": 0,
          "attributes": {
            "bridge": "xenbr0",
            "id": "3a121884-8427-85b7-eabd-754ebe84d07d",
            "name_label": "Pool-wide network associated with eth0",
            "pool_id": "a87150f8-29ee-b996-5e7b-85cdda9cdcfe"
          },
          "sensitive_attributes": []
        }
      ]
    },
    {
      "mode": "data",
      "type": "xenorchestra_pool",
      "name": "pool",
      "provider": "provider[\"registry.terraform.io/terra-farm/xenorchestra\"]",
      "instances": [
        {
          "schema_version": 0,
          "attributes": {
            "cpus": {
              "cores": "24",
              "sockets": "2"
            },
            "description": "",
            "id": "a87150f8-29ee-b996-5e7b-85cdda9cdcfe",
            "master": "6b99ea98-7965-45ca-b8bf-3457c4b4dd45",
            "name_label": "bias"
          },
          "sensitive_attributes": []
        }
      ]
    },
    {
      "mode": "data",
      "type": "xenorchestra_template",
      "name": "template",
      "provider": "provider[\"registry.terraform.io/terra-farm/xenorchestra\"]",
      "instances": [
        {
          "schema_version": 0,
          "attributes": {
            "id": "73ffb326-698d-a9c5-e4d5-33f07c000886",
            "name_label": "Rocky Linux 8 Minimal",
            "pool_id": null,
            "uuid": "73ffb326-698d-a9c5-e4d5-33f07c000886"
          },
          "sensitive_attributes": []
        }
      ]
    },
    {
      "mode": "managed",
      "type": "xenorchestra_cloud_config",
      "name": "bar",
      "provider": "provider[\"registry.terraform.io/terra-farm/xenorchestra\"]",
      "instances": [
        {
          "schema_version": 0,
          "attributes": {
            "id": "5c3a0969-f275-4bc4-8f37-4a9bb6307346",
            "name": "cloud config name",
            "template": "# cloud_config.tftpl file used by the cloudinit templating.\n\n#cloud-config\nhostname: test\npackage_upgrade: true\n"
          },
          "sensitive_attributes": [],
          "private": "bnVsbA=="
        }
      ]
    },
    {
      "mode": "managed",
      "type": "xenorchestra_vm",
      "name": "bar",
      "provider": "provider[\"registry.terraform.io/terra-farm/xenorchestra\"]",
      "instances": [
        {
          "schema_version": 0,
          "attributes": {
            "affinity_host": "6b99ea98-7965-45ca-b8bf-3457c4b4dd45",
            "auto_poweron": false,
            "blocked_operations": null,
            "cdrom": [],
            "cloud_config": "# cloud_config.tftpl file used by the cloudinit templating.\n\n#cloud-config\nhostname: test\npackage_upgrade: true\n",
            "cloud_network_config": null,
            "core_os": false,
            "cpu_cap": 0,
            "cpu_weight": 0,
            "cpus": 1,
            "disk": [
              {
                "attached": true,
                "name_description": "",
                "name_label": "Rocky Linux 8 Base",
                "position": "0",
                "size": 53687091200,
                "sr_id": "de9e4954-c331-41ed-b0a3-2f1046cd3900",
                "vbd_id": "7f968804-e577-6ec7-3a70-4ed8d93f1649",
                "vdi_id": "b49989e5-a1db-49e9-a9fc-1fae0d290491"
              }
            ],
            "exp_nested_hvm": false,
            "high_availability": "",
            "host": null,
            "hvm_boot_firmware": "bios",
            "id": "878fcb89-8547-e115-b28b-31c09967c466",
            "installation_method": null,
            "ipv4_addresses": [],
            "ipv6_addresses": [],
            "memory_max": 1073733632,
            "name_description": "description",
            "name_label": "Name",
            "network": [
              {
                "attached": true,
                "device": "0",
                "ipv4_addresses": [],
                "ipv6_addresses": [],
                "mac_address": "2e:21:29:d0:56:d4",
                "network_id": "3a121884-8427-85b7-eabd-754ebe84d07d"
              }
            ],
            "power_state": "Running",
            "resource_set": "",
            "start_delay": 0,
            "tags": [
              "Green Obsidian",
              "Rocky"
            ],
            "template": "73ffb326-698d-a9c5-e4d5-33f07c000886",
            "timeouts": {
              "create": "20m",
              "delete": null,
              "update": null
            },
            "vga": "std",
            "videoram": 8,
            "wait_for_ip": false
          },
          "sensitive_attributes": [],
          "private": "eyJlMmJmYjczMC1lY2FhLTExZTYtOGY4OC0zNDM2M2JjN2M0YzAiOnsiY3JlYXRlIjoxMjAwMDAwMDAwMDAwLCJkZWxldGUiOjMwMDAwMDAwMDAwMCwidXBkYXRlIjozMDAwMDAwMDAwMDB9fQ==",
          "dependencies": [
            "data.xenorchestra_network.net",
            "data.xenorchestra_pool.pool",
            "data.xenorchestra_template.template",
            "xenorchestra_cloud_config.bar"
          ]
        }
      ]
    }
  ],
  "check_results": null
}
